
Microsoft Visual Studio Solution File, Format Version 12.00
# Visual Studio 15
VisualStudioVersion = 15.0.27703.2035
MinimumVisualStudioVersion = 10.0.40219.1
Project("{9A19103F-16F7-4668-BE54-9A1E7A4F7556}") = "Health Audit", "Health Audit.csproj", "{E14B2D51-23E8-45CD-AFA3-012D9B206290}"
EndProject
Global
	GlobalSection(SolutionConfigurationPlatforms) = preSolution
		Debug|Any CPU = Debug|Any CPU
		Release|Any CPU = Release|Any CPU
	EndGlobalSection
	GlobalSection(ProjectConfigurationPlatforms) = postSolution
		{E14B2D51-23E8-45CD-AFA3-012D9B206290}.Debug|Any CPU.ActiveCfg = Debug|Any CPU
		{E14B2D51-23E8-45CD-AFA3-012D9B206290}.Debug|Any CPU.Build.0 = Debug|Any CPU
		{E14B2D51-23E8-45CD-AFA3-012D9B206290}.Release|Any CPU.ActiveCfg = Release|Any CPU
		{E14B2D51-23E8-45CD-AFA3-012D9B206290}.Release|Any CPU.Build.0 = Release|Any CPU
	EndGlobalSection
	GlobalSection(SolutionProperties) = preSolution
		HideSolutionNode = FALSE
	EndGlobalSection
	GlobalSection(ExtensibilityGlobals) = postSolution
		SolutionGuid = {05A8AFC1-E7D4-4686-A18F-8D5214304029}
	EndGlobalSection
EndGlobal
